
Microsoft Visual Studio Solution File, Format Version 12.00
# Visual Studio Version 17
VisualStudioVersion = 17.0.31521.260
MinimumVisualStudioVersion = 10.0.40219.1
Project("{9A19103F-16F7-4668-BE54-9A1E7A4F7556}") = "CompiledSet.Analyzer", "src\Analyzer\CompiledSet.Analyzer.csproj", "{26C9EAAB-1BC5-4214-A3C0-A28242797F08}"
EndProject
Project("{9A19103F-16F7-4668-BE54-9A1E7A4F7556}") = "CompiledSet.CodeFixes", "src\CodeFixes\CompiledSet.CodeFixes.csproj", "{7FF24CA7-F4CC-4352-8F55-E19BB2A49B81}"
EndProject
Project("{9A19103F-16F7-4668-BE54-9A1E7A4F7556}") = "CompiledSet.Package", "package\CompiledSet.Package.csproj", "{5C0FAC45-40DA-46CE-87FA-E3820EC81CA5}"
EndProject
Project("{9A19103F-16F7-4668-BE54-9A1E7A4F7556}") = "CompiledSet.Vsix", "vsix\CompiledSet.Vsix.csproj", "{B2580773-0B7F-430E-A80F-0817D7111B2B}"
EndProject
Project("{9A19103F-16F7-4668-BE54-9A1E7A4F7556}") = "CompiledSet.Tests", "tests\CompiledSet.Tests.csproj", "{DF1977C5-91BE-494C-A671-F9CADDBA0608}"
EndProject
Project("{9A19103F-16F7-4668-BE54-9A1E7A4F7556}") = "CompiledSet.Generator", "src\Generator\CompiledSet.Generator.csproj", "{8A259F3C-F08F-4A50-BB22-9B8C9A2CC995}"
EndProject
Global
	GlobalSection(SolutionConfigurationPlatforms) = preSolution
		Debug|Any CPU = Debug|Any CPU
		Release|Any CPU = Release|Any CPU
	EndGlobalSection
	GlobalSection(ProjectConfigurationPlatforms) = postSolution
		{26C9EAAB-1BC5-4214-A3C0-A28242797F08}.Debug|Any CPU.ActiveCfg = Debug|Any CPU
		{26C9EAAB-1BC5-4214-A3C0-A28242797F08}.Debug|Any CPU.Build.0 = Debug|Any CPU
		{26C9EAAB-1BC5-4214-A3C0-A28242797F08}.Release|Any CPU.ActiveCfg = Release|Any CPU
		{26C9EAAB-1BC5-4214-A3C0-A28242797F08}.Release|Any CPU.Build.0 = Release|Any CPU
		{7FF24CA7-F4CC-4352-8F55-E19BB2A49B81}.Debug|Any CPU.ActiveCfg = Debug|Any CPU
		{7FF24CA7-F4CC-4352-8F55-E19BB2A49B81}.Debug|Any CPU.Build.0 = Debug|Any CPU
		{7FF24CA7-F4CC-4352-8F55-E19BB2A49B81}.Release|Any CPU.ActiveCfg = Release|Any CPU
		{7FF24CA7-F4CC-4352-8F55-E19BB2A49B81}.Release|Any CPU.Build.0 = Release|Any CPU
		{5C0FAC45-40DA-46CE-87FA-E3820EC81CA5}.Debug|Any CPU.ActiveCfg = Debug|Any CPU
		{5C0FAC45-40DA-46CE-87FA-E3820EC81CA5}.Debug|Any CPU.Build.0 = Debug|Any CPU
		{5C0FAC45-40DA-46CE-87FA-E3820EC81CA5}.Release|Any CPU.ActiveCfg = Release|Any CPU
		{5C0FAC45-40DA-46CE-87FA-E3820EC81CA5}.Release|Any CPU.Build.0 = Release|Any CPU
		{B2580773-0B7F-430E-A80F-0817D7111B2B}.Debug|Any CPU.ActiveCfg = Debug|Any CPU
		{B2580773-0B7F-430E-A80F-0817D7111B2B}.Debug|Any CPU.Build.0 = Debug|Any CPU
		{B2580773-0B7F-430E-A80F-0817D7111B2B}.Release|Any CPU.ActiveCfg = Release|Any CPU
		{B2580773-0B7F-430E-A80F-0817D7111B2B}.Release|Any CPU.Build.0 = Release|Any CPU
		{DF1977C5-91BE-494C-A671-F9CADDBA0608}.Debug|Any CPU.ActiveCfg = Debug|Any CPU
		{DF1977C5-91BE-494C-A671-F9CADDBA0608}.Debug|Any CPU.Build.0 = Debug|Any CPU
		{DF1977C5-91BE-494C-A671-F9CADDBA0608}.Release|Any CPU.ActiveCfg = Release|Any CPU
		{DF1977C5-91BE-494C-A671-F9CADDBA0608}.Release|Any CPU.Build.0 = Release|Any CPU
		{8A259F3C-F08F-4A50-BB22-9B8C9A2CC995}.Debug|Any CPU.ActiveCfg = Debug|Any CPU
		{8A259F3C-F08F-4A50-BB22-9B8C9A2CC995}.Debug|Any CPU.Build.0 = Debug|Any CPU
		{8A259F3C-F08F-4A50-BB22-9B8C9A2CC995}.Release|Any CPU.ActiveCfg = Release|Any CPU
		{8A259F3C-F08F-4A50-BB22-9B8C9A2CC995}.Release|Any CPU.Build.0 = Release|Any CPU
	EndGlobalSection
	GlobalSection(SolutionProperties) = preSolution
		HideSolutionNode = FALSE
	EndGlobalSection
	GlobalSection(ExtensibilityGlobals) = postSolution
		SolutionGuid = {C750ADB1-53EA-4BD1-B1EB-B74C68069070}
	EndGlobalSection
EndGlobal
